
Microsoft Visual Studio Solution File, Format Version 12.00
# Visual Studio 15
VisualStudioVersion = 15.0.26403.0
MinimumVisualStudioVersion = 10.0.40219.1
Project("{9A19103F-16F7-4668-BE54-9A1E7A4F7556}") = "Jetpack.Core", "src\Jetpack.Core\Jetpack.Core.csproj", "{79D7C120-56DE-4B84-A4DC-E0DFAEC38F46}"
EndProject
Project("{2150E333-8FDC-42A3-9474-1A3956D46DE8}") = "src", "src", "{2BC6AC7C-A0E1-4703-9287-A74A56ADA0CF}"
EndProject
Project("{2150E333-8FDC-42A3-9474-1A3956D46DE8}") = "tests", "tests", "{24F20C07-EF03-4982-9A75-1F3C8A1CFA24}"
EndProject
Project("{FAE04EC0-301F-11D3-BF4B-00C04F79EFBC}") = "Jetpack.Tests", "tests\Jetpack.Tests\Jetpack.Tests.csproj", "{C0DD192A-BC56-4997-81E5-3623737B4DC7}"
EndProject
Global
	GlobalSection(SolutionConfigurationPlatforms) = preSolution
		Debug|Any CPU = Debug|Any CPU
		Release|Any CPU = Release|Any CPU
	EndGlobalSection
	GlobalSection(ProjectConfigurationPlatforms) = postSolution
		{79D7C120-56DE-4B84-A4DC-E0DFAEC38F46}.Debug|Any CPU.ActiveCfg = Debug|Any CPU
		{79D7C120-56DE-4B84-A4DC-E0DFAEC38F46}.Debug|Any CPU.Build.0 = Debug|Any CPU
		{79D7C120-56DE-4B84-A4DC-E0DFAEC38F46}.Release|Any CPU.ActiveCfg = Release|Any CPU
		{79D7C120-56DE-4B84-A4DC-E0DFAEC38F46}.Release|Any CPU.Build.0 = Release|Any CPU
		{C0DD192A-BC56-4997-81E5-3623737B4DC7}.Debug|Any CPU.ActiveCfg = Debug|Any CPU
		{C0DD192A-BC56-4997-81E5-3623737B4DC7}.Debug|Any CPU.Build.0 = Debug|Any CPU
		{C0DD192A-BC56-4997-81E5-3623737B4DC7}.Release|Any CPU.ActiveCfg = Release|Any CPU
		{C0DD192A-BC56-4997-81E5-3623737B4DC7}.Release|Any CPU.Build.0 = Release|Any CPU
	EndGlobalSection
	GlobalSection(SolutionProperties) = preSolution
		HideSolutionNode = FALSE
	EndGlobalSection
	GlobalSection(NestedProjects) = preSolution
		{79D7C120-56DE-4B84-A4DC-E0DFAEC38F46} = {2BC6AC7C-A0E1-4703-9287-A74A56ADA0CF}
		{C0DD192A-BC56-4997-81E5-3623737B4DC7} = {24F20C07-EF03-4982-9A75-1F3C8A1CFA24}
	EndGlobalSection
EndGlobal
